
Microsoft Visual Studio Solution File, Format Version 12.00
# Visual Studio 2013
VisualStudioVersion = 12.0.21005.1
MinimumVisualStudioVersion = 10.0.40219.1
Project("{FAE04EC0-301F-11D3-BF4B-00C04F79EFBC}") = "BootLoader", "BootLoader\BootLoader.csproj", "{BCD627A2-5D61-428D-8A0E-30FD4D8EAB04}"
EndProject
Project("{2150E333-8FDC-42A3-9474-1A3956D46DE8}") = "Solution Items", "Solution Items", "{B0891E5A-DA40-4FFA-A574-C862C2A0C1D4}"
EndProject
Project("{FAE04EC0-301F-11D3-BF4B-00C04F79EFBC}") = "BootLoaderUnitTestProject", "BootLoaderUnitTestProject\BootLoaderUnitTestProject.csproj", "{A107D955-ED43-44E7-AEC3-439E6CC6D4AF}"
	ProjectSection(ProjectDependencies) = postProject
		{BCD627A2-5D61-428D-8A0E-30FD4D8EAB04} = {BCD627A2-5D61-428D-8A0E-30FD4D8EAB04}
	EndProjectSection
EndProject
Project("{FAE04EC0-301F-11D3-BF4B-00C04F79EFBC}") = "ForTesting", "ForTesting\ForTesting.csproj", "{442919CF-8FFF-4817-B599-BE85AE3F01FD}"
EndProject
Project("{FAE04EC0-301F-11D3-BF4B-00C04F79EFBC}") = "PrepareFirmware", "PrepareFirmware\PrepareFirmware.csproj", "{C22D1ADF-C654-4608-B0EE-372AD66F6568}"
EndProject
Global
	GlobalSection(SolutionConfigurationPlatforms) = preSolution
		Debug|Any CPU = Debug|Any CPU
		Release|Any CPU = Release|Any CPU
	EndGlobalSection
	GlobalSection(ProjectConfigurationPlatforms) = postSolution
		{BCD627A2-5D61-428D-8A0E-30FD4D8EAB04}.Debug|Any CPU.ActiveCfg = Debug|Any CPU
		{BCD627A2-5D61-428D-8A0E-30FD4D8EAB04}.Debug|Any CPU.Build.0 = Debug|Any CPU
		{BCD627A2-5D61-428D-8A0E-30FD4D8EAB04}.Release|Any CPU.ActiveCfg = Release|Any CPU
		{BCD627A2-5D61-428D-8A0E-30FD4D8EAB04}.Release|Any CPU.Build.0 = Release|Any CPU
		{A107D955-ED43-44E7-AEC3-439E6CC6D4AF}.Debug|Any CPU.ActiveCfg = Debug|Any CPU
		{A107D955-ED43-44E7-AEC3-439E6CC6D4AF}.Debug|Any CPU.Build.0 = Debug|Any CPU
		{A107D955-ED43-44E7-AEC3-439E6CC6D4AF}.Release|Any CPU.ActiveCfg = Release|Any CPU
		{A107D955-ED43-44E7-AEC3-439E6CC6D4AF}.Release|Any CPU.Build.0 = Release|Any CPU
		{442919CF-8FFF-4817-B599-BE85AE3F01FD}.Debug|Any CPU.ActiveCfg = Debug|Any CPU
		{442919CF-8FFF-4817-B599-BE85AE3F01FD}.Debug|Any CPU.Build.0 = Debug|Any CPU
		{442919CF-8FFF-4817-B599-BE85AE3F01FD}.Release|Any CPU.ActiveCfg = Release|Any CPU
		{442919CF-8FFF-4817-B599-BE85AE3F01FD}.Release|Any CPU.Build.0 = Release|Any CPU
		{C22D1ADF-C654-4608-B0EE-372AD66F6568}.Debug|Any CPU.ActiveCfg = Debug|Any CPU
		{C22D1ADF-C654-4608-B0EE-372AD66F6568}.Debug|Any CPU.Build.0 = Debug|Any CPU
		{C22D1ADF-C654-4608-B0EE-372AD66F6568}.Release|Any CPU.ActiveCfg = Release|Any CPU
		{C22D1ADF-C654-4608-B0EE-372AD66F6568}.Release|Any CPU.Build.0 = Release|Any CPU
	EndGlobalSection
	GlobalSection(SolutionProperties) = preSolution
		HideSolutionNode = FALSE
	EndGlobalSection
EndGlobal
